# This file is automatically @generated by Poetry 2.2.1 and should not be changed by hand.

[[package]]
name = "gmqtt"
version = "0.7.0"
description = "Client for MQTT protocol"
optional = false
python-versions = ">=3.5"
groups = ["main"]
files = [
    {file = "gmqtt-0.7.0-py3-none-any.whl", hash = "sha256:3e5571a20e9c115d83d600caa228b06f716087653e241035e29cec73277b52cc"},
    {file = "gmqtt-0.7.0.tar.gz", hash = "sha256:bedfec7bac26b6b4ce1f0c4c32cff3d663526a54c882d323d41560fc3b9b44a2"},
]

[package.extras]
test = ["atomicwrites (>=1.3.0)", "attrs (>=19.1.0)", "codecov (>=2.0.15)", "coverage (>=4.5.3)", "more-itertools (>=7.0.0)", "pluggy (>=0.11.0)", "py (>=1.8.0)", "pytest (>=5.4.0)", "pytest-asyncio (>=0.12.0)", "pytest-cov (>=2.7.1)", "six (>=1.12.0)", "uvloop (>=0.14.0)"]

[metadata]
lock-version = "2.1"
python-versions = ">=3.12"
content-hash = "151fb6c96fcfbb94e37c2c0c52188eda684f9bc9736c9ab36a9e884f5c610ad2"
